
Microsoft Visual Studio Solution File, Format Version 10.00
# Visual Studio 2008
Project("{FAE04EC0-301F-11D3-BF4B-00C04F79EFBC}") = "Fuzzer", "Fuzzer.csproj", "{3877532F-35F6-47B2-85DF-E20A2EE696A9}"
EndProject
Project("{FAE04EC0-301F-11D3-BF4B-00C04F79EFBC}") = "Utils", "..\Utils\Utils.csproj", "{892CAB5C-D501-47B1-82E2-BE8492E7E378}"
EndProject
Project("{FAE04EC0-301F-11D3-BF4B-00C04F79EFBC}") = "libbfd.net", "..\libbfd.net\libbfd.net.csproj", "{8612D69A-C75F-4CEC-955D-1E2A0ECC1BCB}"
EndProject
Global
	GlobalSection(SolutionConfigurationPlatforms) = preSolution
		Debug|x86 = Debug|x86
		Release|x86 = Release|x86
	EndGlobalSection
	GlobalSection(ProjectConfigurationPlatforms) = postSolution
		{3877532F-35F6-47B2-85DF-E20A2EE696A9}.Debug|x86.ActiveCfg = Debug|x86
		{3877532F-35F6-47B2-85DF-E20A2EE696A9}.Debug|x86.Build.0 = Debug|x86
		{3877532F-35F6-47B2-85DF-E20A2EE696A9}.Release|x86.ActiveCfg = Release|x86
		{3877532F-35F6-47B2-85DF-E20A2EE696A9}.Release|x86.Build.0 = Release|x86
		{8612D69A-C75F-4CEC-955D-1E2A0ECC1BCB}.Debug|x86.ActiveCfg = Debug|Any CPU
		{8612D69A-C75F-4CEC-955D-1E2A0ECC1BCB}.Debug|x86.Build.0 = Debug|Any CPU
		{8612D69A-C75F-4CEC-955D-1E2A0ECC1BCB}.Release|x86.ActiveCfg = Release|Any CPU
		{8612D69A-C75F-4CEC-955D-1E2A0ECC1BCB}.Release|x86.Build.0 = Release|Any CPU
		{892CAB5C-D501-47B1-82E2-BE8492E7E378}.Debug|x86.ActiveCfg = Debug|Any CPU
		{892CAB5C-D501-47B1-82E2-BE8492E7E378}.Debug|x86.Build.0 = Debug|Any CPU
		{892CAB5C-D501-47B1-82E2-BE8492E7E378}.Release|x86.ActiveCfg = Release|Any CPU
		{892CAB5C-D501-47B1-82E2-BE8492E7E378}.Release|x86.Build.0 = Release|Any CPU
	EndGlobalSection
	GlobalSection(MonoDevelopProperties) = preSolution
		StartupItem = Fuzzer.csproj
		Policies = $0
		$0.StandardHeader = $1
		$1.Text = @${FileName}\n \n Author:\n      ${AuthorName} <${AuthorEmail}>\n\n Copyright ${Year}  ${CopyrightHolder}\n\n   Licensed under the Apache License, Version 2.0 (the "License");\n   you may not use this file except in compliance with the License.\n   You may obtain a copy of the License at\n\n       http://www.apache.org/licenses/LICENSE-2.0\n\n   Unless required by applicable law or agreed to in writing, software\n   distributed under the License is distributed on an "AS IS" BASIS,\n   WITHOUT WARRANTIES OR CONDITIONS OF ANY KIND, either express or implied.\n   See the License for the specific language governing permissions and\n   limitations under the License.
		$1.inheritsSet = Apache2License
	EndGlobalSection
EndGlobal
